
Microsoft Visual Studio Solution File, Format Version 12.00
# Visual Studio 2012
Project("{FAE04EC0-301F-11D3-BF4B-00C04F79EFBC}") = "TaskList", "TaskList\TaskList.csproj", "{AD2C3071-537A-408B-9FE9-6067A10837D3}"
EndProject
Project("{FAE04EC0-301F-11D3-BF4B-00C04F79EFBC}") = "TaskList_UnitTests", "TaskList_UnitTests\TaskList_UnitTests.csproj", "{78849BFA-6ADB-41AC-86BA-A543590B3885}"
EndProject
Global
	GlobalSection(SolutionConfigurationPlatforms) = preSolution
		Debug|Any CPU = Debug|Any CPU
		Release|Any CPU = Release|Any CPU
	EndGlobalSection
	GlobalSection(ProjectConfigurationPlatforms) = postSolution
		{AD2C3071-537A-408B-9FE9-6067A10837D3}.Debug|Any CPU.ActiveCfg = Debug|Any CPU
		{AD2C3071-537A-408B-9FE9-6067A10837D3}.Debug|Any CPU.Build.0 = Debug|Any CPU
		{AD2C3071-537A-408B-9FE9-6067A10837D3}.Release|Any CPU.ActiveCfg = Release|Any CPU
		{AD2C3071-537A-408B-9FE9-6067A10837D3}.Release|Any CPU.Build.0 = Release|Any CPU
		{78849BFA-6ADB-41AC-86BA-A543590B3885}.Debug|Any CPU.ActiveCfg = Debug|Any CPU
		{78849BFA-6ADB-41AC-86BA-A543590B3885}.Debug|Any CPU.Build.0 = Debug|Any CPU
		{78849BFA-6ADB-41AC-86BA-A543590B3885}.Release|Any CPU.ActiveCfg = Release|Any CPU
		{78849BFA-6ADB-41AC-86BA-A543590B3885}.Release|Any CPU.Build.0 = Release|Any CPU
	EndGlobalSection
	GlobalSection(SolutionProperties) = preSolution
		HideSolutionNode = FALSE
	EndGlobalSection
EndGlobal
